
Microsoft Visual Studio Solution File, Format Version 12.00
# Visual Studio Version 16
VisualStudioVersion = 16.0.30621.155
MinimumVisualStudioVersion = 10.0.40219.1
Project("{FAE04EC0-301F-11D3-BF4B-00C04F79EFBC}") = "AutoRun", "AutoRun\AutoRun.csproj", "{EB8E3008-D16B-4F51-B53B-13CD91C1E480}"
EndProject
Global
	GlobalSection(SolutionConfigurationPlatforms) = preSolution
		Debug|Any CPU = Debug|Any CPU
		Release|Any CPU = Release|Any CPU
	EndGlobalSection
	GlobalSection(ProjectConfigurationPlatforms) = postSolution
		{EB8E3008-D16B-4F51-B53B-13CD91C1E480}.Debug|Any CPU.ActiveCfg = Debug|Any CPU
		{EB8E3008-D16B-4F51-B53B-13CD91C1E480}.Debug|Any CPU.Build.0 = Debug|Any CPU
		{EB8E3008-D16B-4F51-B53B-13CD91C1E480}.Release|Any CPU.ActiveCfg = Release|Any CPU
		{EB8E3008-D16B-4F51-B53B-13CD91C1E480}.Release|Any CPU.Build.0 = Release|Any CPU
	EndGlobalSection
	GlobalSection(SolutionProperties) = preSolution
		HideSolutionNode = FALSE
	EndGlobalSection
	GlobalSection(ExtensibilityGlobals) = postSolution
		SolutionGuid = {EDBAA4EC-AF2E-464E-A882-7C3394C0815A}
	EndGlobalSection
EndGlobal
